
Microsoft Visual Studio Solution File, Format Version 12.00
# Visual Studio Version 17
VisualStudioVersion = 17.5.33424.131
MinimumVisualStudioVersion = 10.0.40219.1
Project("{FAE04EC0-301F-11D3-BF4B-00C04F79EFBC}") = "WebPractica", "WebPractica\WebPractica.csproj", "{6CFED4E8-ABF0-49BE-A226-F13A3D654FD0}"
EndProject
Global
	GlobalSection(SolutionConfigurationPlatforms) = preSolution
		Debug|Any CPU = Debug|Any CPU
		Release|Any CPU = Release|Any CPU
	EndGlobalSection
	GlobalSection(ProjectConfigurationPlatforms) = postSolution
		{6CFED4E8-ABF0-49BE-A226-F13A3D654FD0}.Debug|Any CPU.ActiveCfg = Debug|Any CPU
		{6CFED4E8-ABF0-49BE-A226-F13A3D654FD0}.Debug|Any CPU.Build.0 = Debug|Any CPU
		{6CFED4E8-ABF0-49BE-A226-F13A3D654FD0}.Release|Any CPU.ActiveCfg = Release|Any CPU
		{6CFED4E8-ABF0-49BE-A226-F13A3D654FD0}.Release|Any CPU.Build.0 = Release|Any CPU
	EndGlobalSection
	GlobalSection(SolutionProperties) = preSolution
		HideSolutionNode = FALSE
	EndGlobalSection
	GlobalSection(ExtensibilityGlobals) = postSolution
		SolutionGuid = {BAB0EE8F-6129-4F02-8D2A-FA85F5F26873}
	EndGlobalSection
EndGlobal
